
Microsoft Visual Studio Solution File, Format Version 12.00
# Visual Studio Version 17
VisualStudioVersion = 17.4.33213.308
MinimumVisualStudioVersion = 10.0.40219.1
Project("{FAE04EC0-301F-11D3-BF4B-00C04F79EFBC}") = "ConsoleApp5.5.8", "ConsoleApp5.5.8\ConsoleApp5.5.8.csproj", "{FE6A7DB3-FB48-4854-BC19-38EAADCB7173}"
EndProject
Global
	GlobalSection(SolutionConfigurationPlatforms) = preSolution
		Debug|Any CPU = Debug|Any CPU
		Release|Any CPU = Release|Any CPU
	EndGlobalSection
	GlobalSection(ProjectConfigurationPlatforms) = postSolution
		{FE6A7DB3-FB48-4854-BC19-38EAADCB7173}.Debug|Any CPU.ActiveCfg = Debug|Any CPU
		{FE6A7DB3-FB48-4854-BC19-38EAADCB7173}.Debug|Any CPU.Build.0 = Debug|Any CPU
		{FE6A7DB3-FB48-4854-BC19-38EAADCB7173}.Release|Any CPU.ActiveCfg = Release|Any CPU
		{FE6A7DB3-FB48-4854-BC19-38EAADCB7173}.Release|Any CPU.Build.0 = Release|Any CPU
	EndGlobalSection
	GlobalSection(SolutionProperties) = preSolution
		HideSolutionNode = FALSE
	EndGlobalSection
	GlobalSection(ExtensibilityGlobals) = postSolution
		SolutionGuid = {DD5BC133-65AA-433D-ABB9-69C46905EEB3}
	EndGlobalSection
EndGlobal
